
Microsoft Visual Studio Solution File, Format Version 12.00
# Visual Studio Version 17
VisualStudioVersion = 17.9.34728.123
MinimumVisualStudioVersion = 10.0.40219.1
Project("{FAE04EC0-301F-11D3-BF4B-00C04F79EFBC}") = "VencerAlert.Application", "VencerAlert.Application\VencerAlert.Application.csproj", "{0A2F8C4F-A708-458D-ABEF-FFAC10C9E79D}"
EndProject
Project("{FAE04EC0-301F-11D3-BF4B-00C04F79EFBC}") = "VencerAlert.Domain", "VencerAlert.Domain\VencerAlert.Domain.csproj", "{BF085D49-BCA3-4D34-BA6C-B0DEA31A8492}"
EndProject
Project("{FAE04EC0-301F-11D3-BF4B-00C04F79EFBC}") = "VencerAlert.Infrastructure", "VencerAlert.Infrastructure\VencerAlert.Infrastructure.csproj", "{4C8E08B5-7C0A-43E1-883A-8B5845989063}"
EndProject
Project("{FAE04EC0-301F-11D3-BF4B-00C04F79EFBC}") = "VencerAlert.CrossCutting", "VencerAlert.CrossCutting\VencerAlert.CrossCutting.csproj", "{71946937-3663-4443-AD29-4BD2CAD7F066}"
EndProject
Project("{FAE04EC0-301F-11D3-BF4B-00C04F79EFBC}") = "VencerAlert.API", "VencerAlert.API\VencerAlert.API.csproj", "{0B05559F-0975-4790-8F17-1E9E7050A21C}"
EndProject
Global
	GlobalSection(SolutionConfigurationPlatforms) = preSolution
		Debug|Any CPU = Debug|Any CPU
		Release|Any CPU = Release|Any CPU
	EndGlobalSection
	GlobalSection(ProjectConfigurationPlatforms) = postSolution
		{0A2F8C4F-A708-458D-ABEF-FFAC10C9E79D}.Debug|Any CPU.ActiveCfg = Debug|Any CPU
		{0A2F8C4F-A708-458D-ABEF-FFAC10C9E79D}.Debug|Any CPU.Build.0 = Debug|Any CPU
		{0A2F8C4F-A708-458D-ABEF-FFAC10C9E79D}.Release|Any CPU.ActiveCfg = Release|Any CPU
		{0A2F8C4F-A708-458D-ABEF-FFAC10C9E79D}.Release|Any CPU.Build.0 = Release|Any CPU
		{BF085D49-BCA3-4D34-BA6C-B0DEA31A8492}.Debug|Any CPU.ActiveCfg = Debug|Any CPU
		{BF085D49-BCA3-4D34-BA6C-B0DEA31A8492}.Debug|Any CPU.Build.0 = Debug|Any CPU
		{BF085D49-BCA3-4D34-BA6C-B0DEA31A8492}.Release|Any CPU.ActiveCfg = Release|Any CPU
		{BF085D49-BCA3-4D34-BA6C-B0DEA31A8492}.Release|Any CPU.Build.0 = Release|Any CPU
		{4C8E08B5-7C0A-43E1-883A-8B5845989063}.Debug|Any CPU.ActiveCfg = Debug|Any CPU
		{4C8E08B5-7C0A-43E1-883A-8B5845989063}.Debug|Any CPU.Build.0 = Debug|Any CPU
		{4C8E08B5-7C0A-43E1-883A-8B5845989063}.Release|Any CPU.ActiveCfg = Release|Any CPU
		{4C8E08B5-7C0A-43E1-883A-8B5845989063}.Release|Any CPU.Build.0 = Release|Any CPU
		{71946937-3663-4443-AD29-4BD2CAD7F066}.Debug|Any CPU.ActiveCfg = Debug|Any CPU
		{71946937-3663-4443-AD29-4BD2CAD7F066}.Debug|Any CPU.Build.0 = Debug|Any CPU
		{71946937-3663-4443-AD29-4BD2CAD7F066}.Release|Any CPU.ActiveCfg = Release|Any CPU
		{71946937-3663-4443-AD29-4BD2CAD7F066}.Release|Any CPU.Build.0 = Release|Any CPU
		{0B05559F-0975-4790-8F17-1E9E7050A21C}.Debug|Any CPU.ActiveCfg = Debug|Any CPU
		{0B05559F-0975-4790-8F17-1E9E7050A21C}.Debug|Any CPU.Build.0 = Debug|Any CPU
		{0B05559F-0975-4790-8F17-1E9E7050A21C}.Release|Any CPU.ActiveCfg = Release|Any CPU
		{0B05559F-0975-4790-8F17-1E9E7050A21C}.Release|Any CPU.Build.0 = Release|Any CPU
	EndGlobalSection
	GlobalSection(SolutionProperties) = preSolution
		HideSolutionNode = FALSE
	EndGlobalSection
	GlobalSection(ExtensibilityGlobals) = postSolution
		SolutionGuid = {E20E1E3D-66BF-44DF-AE8C-CD4191C6B801}
	EndGlobalSection
EndGlobal
